# THIS IS AN AUTOGENERATED FILE. DO NOT EDIT THIS FILE DIRECTLY.
# yarn lockfile v1


"@react-native-community/checkbox@^0.5.8":
  version "0.5.8"
  resolved "https://registry.yarnpkg.com/@react-native-community/checkbox/-/checkbox-0.5.8.tgz#a1b50635fd76a07fb53eb4a98120347cb6e75da4"
  integrity sha512-2ppw40sSqBKSPz75l8rDCvpcvQb/78MtvB5BDtovsJE1kXoUJP4eVLuyLo+LfYdSK9qLD4Llt4bIulr1SI9UIQ==
